
Microsoft Visual Studio Solution File, Format Version 12.00
# Visual Studio 15
VisualStudioVersion = 15.0.27004.2009
MinimumVisualStudioVersion = 10.0.40219.1
Project("{2150E333-8FDC-42A3-9474-1A3956D46DE8}") = "src", "src", "{1EC615E4-8E49-4DAF-BF8E-3F82C3A583AB}"
EndProject
Project("{9A19103F-16F7-4668-BE54-9A1E7A4F7556}") = "Hassie.NET.API.NewsAPI", "Hassie.API.NewsAPI\Hassie.NET.API.NewsAPI.csproj", "{06280E10-1047-44B7-994E-F68481B044A6}"
EndProject
Project("{2150E333-8FDC-42A3-9474-1A3956D46DE8}") = "Solution Items", "Solution Items", "{15667796-E30F-4563-9A82-939EA7926682}"
	ProjectSection(SolutionItems) = preProject
		.travis.yml = .travis.yml
		README.md = README.md
	EndProjectSection
EndProject
Global
	GlobalSection(SolutionConfigurationPlatforms) = preSolution
		Debug|Any CPU = Debug|Any CPU
		Release|Any CPU = Release|Any CPU
	EndGlobalSection
	GlobalSection(ProjectConfigurationPlatforms) = postSolution
		{06280E10-1047-44B7-994E-F68481B044A6}.Debug|Any CPU.ActiveCfg = Debug|Any CPU
		{06280E10-1047-44B7-994E-F68481B044A6}.Debug|Any CPU.Build.0 = Debug|Any CPU
		{06280E10-1047-44B7-994E-F68481B044A6}.Release|Any CPU.ActiveCfg = Release|Any CPU
		{06280E10-1047-44B7-994E-F68481B044A6}.Release|Any CPU.Build.0 = Release|Any CPU
	EndGlobalSection
	GlobalSection(SolutionProperties) = preSolution
		HideSolutionNode = FALSE
	EndGlobalSection
	GlobalSection(NestedProjects) = preSolution
		{06280E10-1047-44B7-994E-F68481B044A6} = {1EC615E4-8E49-4DAF-BF8E-3F82C3A583AB}
	EndGlobalSection
	GlobalSection(ExtensibilityGlobals) = postSolution
		SolutionGuid = {1F1DD039-22E9-4458-A1AE-39DC77D4C14F}
	EndGlobalSection
EndGlobal
